
Microsoft Visual Studio Solution File, Format Version 12.00
# Visual Studio Version 16
VisualStudioVersion = 16.0.32002.261
MinimumVisualStudioVersion = 10.0.40219.1
Project("{FAE04EC0-301F-11D3-BF4B-00C04F79EFBC}") = "OOP04", "OOP04.csproj", "{E87403A0-0B32-4924-BED4-B03DE1AA88E0}"
EndProject
Global
	GlobalSection(SolutionConfigurationPlatforms) = preSolution
		Debug|Any CPU = Debug|Any CPU
		Release|Any CPU = Release|Any CPU
	EndGlobalSection
	GlobalSection(ProjectConfigurationPlatforms) = postSolution
		{E87403A0-0B32-4924-BED4-B03DE1AA88E0}.Debug|Any CPU.ActiveCfg = Debug|Any CPU
		{E87403A0-0B32-4924-BED4-B03DE1AA88E0}.Debug|Any CPU.Build.0 = Debug|Any CPU
		{E87403A0-0B32-4924-BED4-B03DE1AA88E0}.Release|Any CPU.ActiveCfg = Release|Any CPU
		{E87403A0-0B32-4924-BED4-B03DE1AA88E0}.Release|Any CPU.Build.0 = Release|Any CPU
	EndGlobalSection
	GlobalSection(SolutionProperties) = preSolution
		HideSolutionNode = FALSE
	EndGlobalSection
	GlobalSection(ExtensibilityGlobals) = postSolution
		SolutionGuid = {D5F02298-C846-4594-A03C-3F9B402A67E2}
	EndGlobalSection
EndGlobal
